
Microsoft Visual Studio Solution File, Format Version 12.00
# Visual Studio Version 16
VisualStudioVersion = 16.0.31515.178
MinimumVisualStudioVersion = 10.0.40219.1
Project("{FAE04EC0-301F-11D3-BF4B-00C04F79EFBC}") = "src", "src\src.csproj", "{4433C3CA-16A7-45F1-93E3-0B8C9260F334}"
EndProject
Global
	GlobalSection(SolutionConfigurationPlatforms) = preSolution
		Debug|Any CPU = Debug|Any CPU
		Release|Any CPU = Release|Any CPU
	EndGlobalSection
	GlobalSection(ProjectConfigurationPlatforms) = postSolution
		{4433C3CA-16A7-45F1-93E3-0B8C9260F334}.Debug|Any CPU.ActiveCfg = Debug|Any CPU
		{4433C3CA-16A7-45F1-93E3-0B8C9260F334}.Debug|Any CPU.Build.0 = Debug|Any CPU
		{4433C3CA-16A7-45F1-93E3-0B8C9260F334}.Release|Any CPU.ActiveCfg = Release|Any CPU
		{4433C3CA-16A7-45F1-93E3-0B8C9260F334}.Release|Any CPU.Build.0 = Release|Any CPU
	EndGlobalSection
	GlobalSection(SolutionProperties) = preSolution
		HideSolutionNode = FALSE
	EndGlobalSection
	GlobalSection(ExtensibilityGlobals) = postSolution
		SolutionGuid = {351A198B-1B93-428C-8FE1-93A7375B38E1}
	EndGlobalSection
EndGlobal
